// !$*UTF8*$!
{
	archiveVersion = 1;
	classes = {
	};
	objectVersion = 50;
	objects = {

/* Begin PBXBuildFile section */
		848FB9232678A02D002E2BDF /* AppDelegate.m in Sources */ = {isa = PBXBuildFile; fileRef = 848FB9222678A02D002E2BDF /* AppDelegate.m */; };
		848FB9262678A02D002E2BDF /* SceneDelegate.m in Sources */ = {isa = PBXBuildFile; fileRef = 848FB9252678A02D002E2BDF /* SceneDelegate.m */; };
		848FB9292678A02D002E2BDF /* ViewController.m in Sources */ = {isa = PBXBuildFile; fileRef = 848FB9282678A02D002E2BDF /* ViewController.m */; };
		848FB92C2678A02D002E2BDF /* Main.storyboard in Resources */ = {isa = PBXBuildFile; fileRef = 848FB92A2678A02D002E2BDF /* Main.storyboard */; };
		848FB92E2678A030002E2BDF /* Assets.xcassets in Resources */ = {isa = PBXBuildFile; fileRef = 848FB92D2678A030002E2BDF /* Assets.xcassets */; };
		848FB9312678A030002E2BDF /* LaunchScreen.storyboard in Resources */ = {isa = PBXBuildFile; fileRef = 848FB92F2678A030002E2BDF /* LaunchScreen.storyboard */; };
		848FB9342678A030002E2BDF /* main.m in Sources */ = {isa = PBXBuildFile; fileRef = 848FB9332678A030002E2BDF /* main.m */; };
		848FB93D2678A0D3002E2BDF /* GVNavigationController.m in Sources */ = {isa = PBXBuildFile; fileRef = 848FB93C2678A0D3002E2BDF /* GVNavigationController.m */; };
/* End PBXBuildFile section */

/* Begin PBXFileReference section */
		848FB91E2678A02D002E2BDF /* CustomPushPopTransition.app */ = {isa = PBXFileReference; explicitFileType = wrapper.application; includeInIndex = 0; path = CustomPushPopTransition.app; sourceTree = BUILT_PRODUCTS_DIR; };
		848FB9212678A02D002E2BDF /* AppDelegate.h */ = {isa = PBXFileReference; lastKnownFileType = sourcecode.c.h; path = AppDelegate.h; sourceTree = "<group>"; };
		848FB9222678A02D002E2BDF /* AppDelegate.m */ = {isa = PBXFileReference; lastKnownFileType = sourcecode.c.objc; path = AppDelegate.m; sourceTree = "<group>"; };
		848FB9242678A02D002E2BDF /* SceneDelegate.h */ = {isa = PBXFileReference; lastKnownFileType = sourcecode.c.h; path = SceneDelegate.h; sourceTree = "<group>"; };
		848FB9252678A02D002E2BDF /* SceneDelegate.m */ = {isa = PBXFileReference; lastKnownFileType = sourcecode.c.objc; path = SceneDelegate.m; sourceTree = "<group>"; };
		848FB9272678A02D002E2BDF /* ViewController.h */ = {isa = PBXFileReference; lastKnownFileType = sourcecode.c.h; path = ViewController.h; sourceTree = "<group>"; };
		848FB9282678A02D002E2BDF /* ViewController.m */ = {isa = PBXFileReference; lastKnownFileType = sourcecode.c.objc; path = ViewController.m; sourceTree = "<group>"; };
		848FB92B2678A02D002E2BDF /* Base */ = {isa = PBXFileReference; lastKnownFileType = file.storyboard; name = Base; path = Base.lproj/Main.storyboard; sourceTree = "<group>"; };
		848FB92D2678A030002E2BDF /* Assets.xcassets */ = {isa = PBXFileReference; lastKnownFileType = folder.assetcatalog; path = Assets.xcassets; sourceTree = "<group>"; };
		848FB9302678A030002E2BDF /* Base */ = {isa = PBXFileReference; lastKnownFileType = file.storyboard; name = Base; path = Base.lproj/LaunchScreen.storyboard; sourceTree = "<group>"; };
		848FB9322678A030002E2BDF /* Info.plist */ = {isa = PBXFileReference; lastKnownFileType = text.plist.xml; path = Info.plist; sourceTree = "<group>"; };
		848FB9332678A030002E2BDF /* main.m */ = {isa = PBXFileReference; lastKnownFileType = sourcecode.c.objc; path = main.m; sourceTree = "<group>"; };
		848FB93B2678A0D3002E2BDF /* GVNavigationController.h */ = {isa = PBXFileReference; lastKnownFileType = sourcecode.c.h; path = GVNavigationController.h; sourceTree = "<group>"; };
		848FB93C2678A0D3002E2BDF /* GVNavigationController.m */ = {isa = PBXFileReference; lastKnownFileType = sourcecode.c.objc; path = GVNavigationController.m; sourceTree = "<group>"; };
/* End PBXFileReference section */

/* Begin PBXFrameworksBuildPhase section */
		848FB91B2678A02D002E2BDF /* Frameworks */ = {
			isa = PBXFrameworksBuildPhase;
			buildActionMask = 2147483647;
			files = (
			);
			runOnlyForDeploymentPostprocessing = 0;
		};
/* End PBXFrameworksBuildPhase section */

/* Begin PBXGroup section */
		848FB9152678A02D002E2BDF = {
			isa = PBXGroup;
			children = (
				848FB9202678A02D002E2BDF /* CustomPushPopTransition */,
				848FB91F2678A02D002E2BDF /* Products */,
			);
			sourceTree = "<group>";
		};
		848FB91F2678A02D002E2BDF /* Products */ = {
			isa = PBXGroup;
			children = (
				848FB91E2678A02D002E2BDF /* CustomPushPopTransition.app */,
			);
			name = Products;
			sourceTree = "<group>";
		};
		848FB9202678A02D002E2BDF /* CustomPushPopTransition */ = {
			isa = PBXGroup;
			children = (
				848FB9212678A02D002E2BDF /* AppDelegate.h */,
				848FB9222678A02D002E2BDF /* AppDelegate.m */,
				848FB9242678A02D002E2BDF /* SceneDelegate.h */,
				848FB9252678A02D002E2BDF /* SceneDelegate.m */,
				848FB93B2678A0D3002E2BDF /* GVNavigationController.h */,
				848FB93C2678A0D3002E2BDF /* GVNavigationController.m */,
				848FB9272678A02D002E2BDF /* ViewController.h */,
				848FB9282678A02D002E2BDF /* ViewController.m */,
				848FB92A2678A02D002E2BDF /* Main.storyboard */,
				848FB92D2678A030002E2BDF /* Assets.xcassets */,
				848FB92F2678A030002E2BDF /* LaunchScreen.storyboard */,
				848FB9322678A030002E2BDF /* Info.plist */,
				848FB9332678A030002E2BDF /* main.m */,
			);
			path = CustomPushPopTransition;
			sourceTree = "<group>";
		};
/* End PBXGroup section */

/* Begin PBXNativeTarget section */
		848FB91D2678A02D002E2BDF /* CustomPushPopTransition */ = {
			isa = PBXNativeTarget;
			buildConfigurationList = 848FB9372678A030002E2BDF /* Build configuration list for PBXNativeTarget "CustomPushPopTransition" */;
			buildPhases = (
				848FB91A2678A02D002E2BDF /* Sources */,
				848FB91B2678A02D002E2BDF /* Frameworks */,
				848FB91C2678A02D002E2BDF /* Resources */,
			);
			buildRules = (
			);
			dependencies = (
			);
			name = CustomPushPopTransition;
			productName = CustomPushAnimation;
			productReference = 848FB91E2678A02D002E2BDF /* CustomPushPopTransition.app */;
			productType = "com.apple.product-type.application";
		};
/* End PBXNativeTarget section */

/* Begin PBXProject section */
		848FB9162678A02D002E2BDF /* Project object */ = {
			isa = PBXProject;
			attributes = {
				LastUpgradeCheck = 1240;
				TargetAttributes = {
					848FB91D2678A02D002E2BDF = {
						CreatedOnToolsVersion = 12.4;
					};
				};
			};
			buildConfigurationList = 848FB9192678A02D002E2BDF /* Build configuration list for PBXProject "CustomPushPopTransition" */;
			compatibilityVersion = "Xcode 9.3";
			developmentRegion = en;
			hasScannedForEncodings = 0;
			knownRegions = (
				en,
				Base,
			);
			mainGroup = 848FB9152678A02D002E2BDF;
			productRefGroup = 848FB91F2678A02D002E2BDF /* Products */;
			projectDirPath = "";
			projectRoot = "";
			targets = (
				848FB91D2678A02D002E2BDF /* CustomPushPopTransition */,
			);
		};
/* End PBXProject section */

/* Begin PBXResourcesBuildPhase section */
		848FB91C2678A02D002E2BDF /* Resources */ = {
			isa = PBXResourcesBuildPhase;
			buildActionMask = 2147483647;
			files = (
				848FB9312678A030002E2BDF /* LaunchScreen.storyboard in Resources */,
				848FB92E2678A030002E2BDF /* Assets.xcassets in Resources */,
				848FB92C2678A02D002E2BDF /* Main.storyboard in Resources */,
			);
			runOnlyForDeploymentPostprocessing = 0;
		};
/* End PBXResourcesBuildPhase section */

/* Begin PBXSourcesBuildPhase section */
		848FB91A2678A02D002E2BDF /* Sources */ = {
			isa = PBXSourcesBuildPhase;
			buildActionMask = 2147483647;
			files = (
				848FB9292678A02D002E2BDF /* ViewController.m in Sources */,
				848FB9232678A02D002E2BDF /* AppDelegate.m in Sources */,
				848FB93D2678A0D3002E2BDF /* GVNavigationController.m in Sources */,
				848FB9342678A030002E2BDF /* main.m in Sources */,
				848FB9262678A02D002E2BDF /* SceneDelegate.m in Sources */,
			);
			runOnlyForDeploymentPostprocessing = 0;
		};
/* End PBXSourcesBuildPhase section */

/* Begin PBXVariantGroup section */
		848FB92A2678A02D002E2BDF /* Main.storyboard */ = {
			isa = PBXVariantGroup;
			children = (
				848FB92B2678A02D002E2BDF /* Base */,
			);
			name = Main.storyboard;
			sourceTree = "<group>";
		};
		848FB92F2678A030002E2BDF /* LaunchScreen.storyboard */ = {
			isa = PBXVariantGroup;
			children = (
				848FB9302678A030002E2BDF /* Base */,
			);
			name = LaunchScreen.storyboard;
			sourceTree = "<group>";
		};
/* End PBXVariantGroup section */

/* Begin XCBuildConfiguration section */
		848FB9352678A030002E2BDF /* Debug */ = {
			isa = XCBuildConfiguration;
			buildSettings = {
				ALWAYS_SEARCH_USER_PATHS = NO;
				CLANG_ANALYZER_NONNULL = YES;
				CLANG_ANALYZER_NUMBER_OBJECT_CONVERSION = YES_AGGRESSIVE;
				CLANG_CXX_LANGUAGE_STANDARD = "gnu++14";
				CLANG_CXX_LIBRARY = "libc++";
				CLANG_ENABLE_MODULES = YES;
				CLANG_ENABLE_OBJC_ARC = YES;
				CLANG_ENABLE_OBJC_WEAK = YES;
				CLANG_WARN_BLOCK_CAPTURE_AUTORELEASING = YES;
				CLANG_WARN_BOOL_CONVERSION = YES;
				CLANG_WARN_COMMA = YES;
				CLANG_WARN_CONSTANT_CONVERSION = YES;
				CLANG_WARN_DEPRECATED_OBJC_IMPLEMENTATIONS = YES;
				CLANG_WARN_DIRECT_OBJC_ISA_USAGE = YES_ERROR;
				CLANG_WARN_DOCUMENTATION_COMMENTS = YES;
				CLANG_WARN_EMPTY_BODY = YES;
				CLANG_WARN_ENUM_CONVERSION = YES;
				CLANG_WARN_INFINITE_RECURSION = YES;
				CLANG_WARN_INT_CONVERSION = YES;
				CLANG_WARN_NON_LITERAL_NULL_CONVERSION = YES;
				CLANG_WARN_OBJC_IMPLICIT_RETAIN_SELF = YES;
				CLANG_WARN_OBJC_LITERAL_CONVERSION = YES;
				CLANG_WARN_OBJC_ROOT_CLASS = YES_ERROR;
				CLANG_WARN_QUOTED_INCLUDE_IN_FRAMEWORK_HEADER = YES;
				CLANG_WARN_RANGE_LOOP_ANALYSIS = YES;
				CLANG_WARN_STRICT_PROTOTYPES = YES;
				CLANG_WARN_SUSPICIOUS_MOVE = YES;
				CLANG_WARN_UNGUARDED_AVAILABILITY = YES_AGGRESSIVE;
				CLANG_WARN_UNREACHABLE_CODE = YES;
				CLANG_WARN__DUPLICATE_METHOD_MATCH = YES;
				COPY_PHASE_STRIP = NO;
				DEBUG_INFORMATION_FORMAT = dwarf;
				ENABLE_STRICT_OBJC_MSGSEND = YES;
				ENABLE_TESTABILITY = YES;
				GCC_C_LANGUAGE_STANDARD = gnu11;
				GCC_DYNAMIC_NO_PIC = NO;
				GCC_NO_COMMON_BLOCKS = YES;
				GCC_OPTIMIZATION_LEVEL = 0;
				GCC_PREPROCESSOR_DEFINITIONS = (
					"DEBUG=1",
					"$(inherited)",
				);
				GCC_WARN_64_TO_32_BIT_CONVERSION = YES;
				GCC_WARN_ABOUT_RETURN_TYPE = YES_ERROR;
				GCC_WARN_UNDECLARED_SELECTOR = YES;
				GCC_WARN_UNINITIALIZED_AUTOS = YES_AGGRESSIVE;
				GCC_WARN_UNUSED_FUNCTION = YES;
				GCC_WARN_UNUSED_VARIABLE = YES;
				IPHONEOS_DEPLOYMENT_TARGET = 14.4;
				MTL_ENABLE_DEBUG_INFO = INCLUDE_SOURCE;
				MTL_FAST_MATH = YES;
				ONLY_ACTIVE_ARCH = YES;
				SDKROOT = iphoneos;
			};
			name = Debug;
		};
		848FB9362678A030002E2BDF /* Release */ = {
			isa = XCBuildConfiguration;
			buildSettings = {
				ALWAYS_SEARCH_USER_PATHS = NO;
				CLANG_ANALYZER_NONNULL = YES;
				CLANG_ANALYZER_NUMBER_OBJECT_CONVERSION = YES_AGGRESSIVE;
				CLANG_CXX_LANGUAGE_STANDARD = "gnu++14";
				CLANG_CXX_LIBRARY = "libc++";
				CLANG_ENABLE_MODULES = YES;
				CLANG_ENABLE_OBJC_ARC = YES;
				CLANG_ENABLE_OBJC_WEAK = YES;
				CLANG_WARN_BLOCK_CAPTURE_AUTORELEASING = YES;
				CLANG_WARN_BOOL_CONVERSION = YES;
				CLANG_WARN_COMMA = YES;
				CLANG_WARN_CONSTANT_CONVERSION = YES;
				CLANG_WARN_DEPRECATED_OBJC_IMPLEMENTATIONS = YES;
				CLANG_WARN_DIRECT_OBJC_ISA_USAGE = YES_ERROR;
				CLANG_WARN_DOCUMENTATION_COMMENTS = YES;
				CLANG_WARN_EMPTY_BODY = YES;
				CLANG_WARN_ENUM_CONVERSION = YES;
				CLANG_WARN_INFINITE_RECURSION = YES;
				CLANG_WARN_INT_CONVERSION = YES;
				CLANG_WARN_NON_LITERAL_NULL_CONVERSION = YES;
				CLANG_WARN_OBJC_IMPLICIT_RETAIN_SELF = YES;
				CLANG_WARN_OBJC_LITERAL_CONVERSION = YES;
				CLANG_WARN_OBJC_ROOT_CLASS = YES_ERROR;
				CLANG_WARN_QUOTED_INCLUDE_IN_FRAMEWORK_HEADER = YES;
				CLANG_WARN_RANGE_LOOP_ANALYSIS = YES;
				CLANG_WARN_STRICT_PROTOTYPES = YES;
				CLANG_WARN_SUSPICIOUS_MOVE = YES;
				CLANG_WARN_UNGUARDED_AVAILABILITY = YES_AGGRESSIVE;
				CLANG_WARN_UNREACHABLE_CODE = YES;
				CLANG_WARN__DUPLICATE_METHOD_MATCH = YES;
				COPY_PHASE_STRIP = NO;
				DEBUG_INFORMATION_FORMAT = "dwarf-with-dsym";
				ENABLE_NS_ASSERTIONS = NO;
				ENABLE_STRICT_OBJC_MSGSEND = YES;
				GCC_C_LANGUAGE_STANDARD = gnu11;
				GCC_NO_COMMON_BLOCKS = YES;
				GCC_WARN_64_TO_32_BIT_CONVERSION = YES;
				GCC_WARN_ABOUT_RETURN_TYPE = YES_ERROR;
				GCC_WARN_UNDECLARED_SELECTOR = YES;
				GCC_WARN_UNINITIALIZED_AUTOS = YES_AGGRESSIVE;
				GCC_WARN_UNUSED_FUNCTION = YES;
				GCC_WARN_UNUSED_VARIABLE = YES;
				IPHONEOS_DEPLOYMENT_TARGET = 14.4;
				MTL_ENABLE_DEBUG_INFO = NO;
				MTL_FAST_MATH = YES;
				SDKROOT = iphoneos;
				VALIDATE_PRODUCT = YES;
			};
			name = Release;
		};
		848FB9382678A030002E2BDF /* Debug */ = {
			isa = XCBuildConfiguration;
			buildSettings = {
				ASSETCATALOG_COMPILER_APPICON_NAME = AppIcon;
				ASSETCATALOG_COMPILER_GLOBAL_ACCENT_COLOR_NAME = AccentColor;
				CODE_SIGN_STYLE = Automatic;
				INFOPLIST_FILE = CustomPushPopTransition/Info.plist;
				LD_RUNPATH_SEARCH_PATHS = (
					"$(inherited)",
					"@executable_path/Frameworks",
				);
				PRODUCT_BUNDLE_IDENTIFIER = admin.CustomPushAnimation;
				PRODUCT_NAME = "$(TARGET_NAME)";
				TARGETED_DEVICE_FAMILY = "1,2";
			};
			name = Debug;
		};
		848FB9392678A030002E2BDF /* Release */ = {
			isa = XCBuildConfiguration;
			buildSettings = {
				ASSETCATALOG_COMPILER_APPICON_NAME = AppIcon;
				ASSETCATALOG_COMPILER_GLOBAL_ACCENT_COLOR_NAME = AccentColor;
				CODE_SIGN_STYLE = Automatic;
				INFOPLIST_FILE = CustomPushPopTransition/Info.plist;
				LD_RUNPATH_SEARCH_PATHS = (
					"$(inherited)",
					"@executable_path/Frameworks",
				);
				PRODUCT_BUNDLE_IDENTIFIER = admin.CustomPushAnimation;
				PRODUCT_NAME = "$(TARGET_NAME)";
				TARGETED_DEVICE_FAMILY = "1,2";
			};
			name = Release;
		};
/* End XCBuildConfiguration section */

/* Begin XCConfigurationList section */
		848FB9192678A02D002E2BDF /* Build configuration list for PBXProject "CustomPushPopTransition" */ = {
			isa = XCConfigurationList;
			buildConfigurations = (
				848FB9352678A030002E2BDF /* Debug */,
				848FB9362678A030002E2BDF /* Release */,
			);
			defaultConfigurationIsVisible = 0;
			defaultConfigurationName = Release;
		};
		848FB9372678A030002E2BDF /* Build configuration list for PBXNativeTarget "CustomPushPopTransition" */ = {
			isa = XCConfigurationList;
			buildConfigurations = (
				848FB9382678A030002E2BDF /* Debug */,
				848FB9392678A030002E2BDF /* Release */,
			);
			defaultConfigurationIsVisible = 0;
			defaultConfigurationName = Release;
		};
/* End XCConfigurationList section */
	};
	rootObject = 848FB9162678A02D002E2BDF /* Project object */;
}
